{
  "name": "tsgl",
  "version": "1.0.0",
  "lockfileVersion": 1,
  "requires": true,
  "dependencies": {
    "@types/chroma-js": {
      "version": "1.3.0",
      "resolved": "https://registry.npmjs.org/@types/chroma-js/-/chroma-js-1.3.0.tgz",
      "integrity": "sha512-u2EE8tau8cwW+0Z0au55e9x5F7f5TKarUgOfJEbQrtFJg0y6pzOFSJSTCBs6Z0opiGefQdQw7JPLETNfjpt1tQ==",
      "dev": true
    },
    "big.js": {
      "version": "3.1.3",
      "resolved": "https://registry.npmjs.org/big.js/-/big.js-3.1.3.tgz",
      "integrity": "sha1-TK2iGTZS6zyp7I5VyQFWacmAaXg=",
      "dev": true
    },
    "chroma": {
      "version": "0.0.1",
      "resolved": "https://registry.npmjs.org/chroma/-/chroma-0.0.1.tgz",
      "integrity": "sha1-pZEy3vpyETuTEvqY0lh8Z9MJ+Yk="
    },
    "chroma-js": {
      "version": "1.3.4",
      "resolved": "https://registry.npmjs.org/chroma-js/-/chroma-js-1.3.4.tgz",
      "integrity": "sha1-k6fBnyh5YChcw/3rsgW46hoPBPk="
    },
    "colors": {
      "version": "1.1.2",
      "resolved": "https://registry.npmjs.org/colors/-/colors-1.1.2.tgz",
      "integrity": "sha1-FopHAXVran9RoSzgyXv6KMCE7WM=",
      "dev": true
    },
    "core-util-is": {
      "version": "1.0.2",
      "resolved": "https://registry.npmjs.org/core-util-is/-/core-util-is-1.0.2.tgz",
      "integrity": "sha1-tf1UIgqivFq1eqtxQMlAdUUDwac=",
      "dev": true
    },
    "emojis-list": {
      "version": "2.1.0",
      "resolved": "https://registry.npmjs.org/emojis-list/-/emojis-list-2.1.0.tgz",
      "integrity": "sha1-TapNnbAPmBmIDHn6RXrlsJof04k=",
      "dev": true
    },
    "enhanced-resolve": {
      "version": "3.1.0",
      "resolved": "https://registry.npmjs.org/enhanced-resolve/-/enhanced-resolve-3.1.0.tgz",
      "integrity": "sha1-n0tib1dyRe3PSyrYPYbhf09CHew=",
      "dev": true,
      "requires": {
        "graceful-fs": "4.1.11",
        "memory-fs": "0.4.1",
        "object-assign": "4.1.1",
        "tapable": "0.2.6"
      }
    },
    "errno": {
      "version": "0.1.4",
      "resolved": "https://registry.npmjs.org/errno/-/errno-0.1.4.tgz",
      "integrity": "sha1-uJbiOp5ei6M4cfyZar02NfyaHH0=",
      "dev": true,
      "requires": {
        "prr": "0.0.0"
      }
    },
    "fs-extra": {
      "version": "4.0.1",
      "resolved": "https://registry.npmjs.org/fs-extra/-/fs-extra-4.0.1.tgz",
      "integrity": "sha1-f8DGyJV/mD9X8waiTlud3Y0N2IA=",
      "requires": {
        "graceful-fs": "4.1.11",
        "jsonfile": "3.0.1",
        "universalify": "0.1.1"
      }
    },
    "graceful-fs": {
      "version": "4.1.11",
      "resolved": "https://registry.npmjs.org/graceful-fs/-/graceful-fs-4.1.11.tgz",
      "integrity": "sha1-Dovf5NHduIVNZOBOp8AOKgJuVlg="
    },
    "inherits": {
      "version": "2.0.3",
      "resolved": "https://registry.npmjs.org/inherits/-/inherits-2.0.3.tgz",
      "integrity": "sha1-Yzwsg+PaQqUC9SRmAiSA9CCCYd4=",
      "dev": true
    },
    "isarray": {
      "version": "1.0.0",
      "resolved": "https://registry.npmjs.org/isarray/-/isarray-1.0.0.tgz",
      "integrity": "sha1-u5NdSFgsuhaMBoNJV6VKPgcSTxE=",
      "dev": true
    },
    "json-stable-stringify": {
      "version": "1.0.1",
      "resolved": "https://registry.npmjs.org/json-stable-stringify/-/json-stable-stringify-1.0.1.tgz",
      "integrity": "sha1-mnWdOcXy/1A/1TAGRu1EX4jE+a8=",
      "requires": {
        "jsonify": "0.0.0"
      }
    },
    "json5": {
      "version": "0.5.1",
      "resolved": "https://registry.npmjs.org/json5/-/json5-0.5.1.tgz",
      "integrity": "sha1-Hq3nrMASA0rYTiOWdn6tn6VJWCE=",
      "dev": true
    },
    "jsonfile": {
      "version": "3.0.1",
      "resolved": "https://registry.npmjs.org/jsonfile/-/jsonfile-3.0.1.tgz",
      "integrity": "sha1-pezG9l9T9mLEQVx2daAzHQmS7GY=",
      "requires": {
        "graceful-fs": "4.1.11"
      }
    },
    "jsonify": {
      "version": "0.0.0",
      "resolved": "https://registry.npmjs.org/jsonify/-/jsonify-0.0.0.tgz",
      "integrity": "sha1-LHS27kHZPKUbe1qu6PUDYx0lKnM="
    },
    "loader-utils": {
      "version": "1.1.0",
      "resolved": "https://registry.npmjs.org/loader-utils/-/loader-utils-1.1.0.tgz",
      "integrity": "sha1-yYrvSIvM7aL/teLeZG1qdUQp9c0=",
      "dev": true,
      "requires": {
        "big.js": "3.1.3",
        "emojis-list": "2.1.0",
        "json5": "0.5.1"
      }
    },
    "memory-fs": {
      "version": "0.4.1",
      "resolved": "https://registry.npmjs.org/memory-fs/-/memory-fs-0.4.1.tgz",
      "integrity": "sha1-OpoguEYlI+RHz7x+i7gO1me/xVI=",
      "dev": true,
      "requires": {
        "errno": "0.1.4",
        "readable-stream": "2.2.11"
      }
    },
    "merge": {
      "version": "1.2.0",
      "resolved": "https://registry.npmjs.org/merge/-/merge-1.2.0.tgz",
      "integrity": "sha1-dTHjnUlJwoGma4xabgJl6LBYlNo="
    },
    "naridal-tslib-config": {
      "version": "1.0.3",
      "resolved": "https://registry.npmjs.org/naridal-tslib-config/-/naridal-tslib-config-1.0.3.tgz",
      "integrity": "sha512-ZjKVB6mzZdI9aFOmUFtQ45Pm6rjqQCoWhNoOWYau0hww/qEun85LSRzYVYeGSf70tv7miljFd1cJPdRQOAxP1w==",
      "requires": {
        "fs-extra": "4.0.1",
        "json-stable-stringify": "1.0.1",
        "merge": "1.2.0"
      }
    },
    "object-assign": {
      "version": "4.1.1",
      "resolved": "https://registry.npmjs.org/object-assign/-/object-assign-4.1.1.tgz",
      "integrity": "sha1-IQmtx5ZYh8/AXLvUQsrIv7s2CGM=",
      "dev": true
    },
    "process-nextick-args": {
      "version": "1.0.7",
      "resolved": "https://registry.npmjs.org/process-nextick-args/-/process-nextick-args-1.0.7.tgz",
      "integrity": "sha1-FQ4gt1ZZCtP5EJPyWk8q2L/zC6M=",
      "dev": true
    },
    "prr": {
      "version": "0.0.0",
      "resolved": "https://registry.npmjs.org/prr/-/prr-0.0.0.tgz",
      "integrity": "sha1-GoS4WQgyVQFBGFPQCB7j+obikmo=",
      "dev": true
    },
    "readable-stream": {
      "version": "2.2.11",
      "resolved": "https://registry.npmjs.org/readable-stream/-/readable-stream-2.2.11.tgz",
      "integrity": "sha512-h+8+r3MKEhkiVrwdKL8aWs1oc1VvBu33ueshOvS26RsZQ3Amhx/oO3TKe4lApSV9ueY6as8EAh7mtuFjdlhg9Q==",
      "dev": true,
      "requires": {
        "core-util-is": "1.0.2",
        "inherits": "2.0.3",
        "isarray": "1.0.0",
        "process-nextick-args": "1.0.7",
        "safe-buffer": "5.0.1",
        "string_decoder": "1.0.2",
        "util-deprecate": "1.0.2"
      }
    },
    "require-relative": {
      "version": "0.8.7",
      "resolved": "https://registry.npmjs.org/require-relative/-/require-relative-0.8.7.tgz",
      "integrity": "sha1-eZlTn8ngR6N5KPoZb44VY9q9Nt4=",
      "dev": true
    },
    "rollup-watch": {
      "version": "3.2.2",
      "resolved": "https://registry.npmjs.org/rollup-watch/-/rollup-watch-3.2.2.tgz",
      "integrity": "sha1-XldCMunvNtqRd/RpRtgIDLJnNUs=",
      "dev": true,
      "requires": {
        "require-relative": "0.8.7"
      }
    },
    "safe-buffer": {
      "version": "5.0.1",
      "resolved": "https://registry.npmjs.org/safe-buffer/-/safe-buffer-5.0.1.tgz",
      "integrity": "sha1-0mPKVGls2KMGtcplUekt5XkY++c=",
      "dev": true
    },
    "semver": {
      "version": "5.3.0",
      "resolved": "https://registry.npmjs.org/semver/-/semver-5.3.0.tgz",
      "integrity": "sha1-myzl094C0XxgEq0yaqa00M9U+U8=",
      "dev": true
    },
    "string_decoder": {
      "version": "1.0.2",
      "resolved": "https://registry.npmjs.org/string_decoder/-/string_decoder-1.0.2.tgz",
      "integrity": "sha1-sp4fThEl+pehA4K4pTNze3SR4Xk=",
      "dev": true,
      "requires": {
        "safe-buffer": "5.0.1"
      }
    },
    "tapable": {
      "version": "0.2.6",
      "resolved": "https://registry.npmjs.org/tapable/-/tapable-0.2.6.tgz",
      "integrity": "sha1-IGvo4YiGC1FEJTdebxrom/sB/Y0=",
      "dev": true
    },
    "ts-loader": {
      "version": "2.1.0",
      "resolved": "https://registry.npmjs.org/ts-loader/-/ts-loader-2.1.0.tgz",
      "integrity": "sha1-Wo78xccsBvxJ1putachWF8YZT3c=",
      "dev": true,
      "requires": {
        "colors": "1.1.2",
        "enhanced-resolve": "3.1.0",
        "loader-utils": "1.1.0",
        "semver": "5.3.0"
      }
    },
    "universalify": {
      "version": "0.1.1",
      "resolved": "https://registry.npmjs.org/universalify/-/universalify-0.1.1.tgz",
      "integrity": "sha1-+nG63UQ3r0wUiEHjs7Fl+enlkLc="
    },
    "util-deprecate": {
      "version": "1.0.2",
      "resolved": "https://registry.npmjs.org/util-deprecate/-/util-deprecate-1.0.2.tgz",
      "integrity": "sha1-RQ1Nyfpw3nMnYvvS1KKJgUGaDM8=",
      "dev": true
    }
  }
}
